// !$*UTF8*$!
{
	archiveVersion = 1;
	classes = {
	};
	objectVersion = 56;
	objects = {

/* Begin PBXBuildFile section */
		483A1C172967433400F150E8 /* HoroscopeListVC.swift in Sources */ = {isa = PBXBuildFile; fileRef = 483A1C162967433400F150E8 /* HoroscopeListVC.swift */; };
		483A1C1A2967482900F150E8 /* HoroscopeTableViewCell.swift in Sources */ = {isa = PBXBuildFile; fileRef = 483A1C182967482900F150E8 /* HoroscopeTableViewCell.swift */; };
		483A1C1B2967482900F150E8 /* HoroscopeTableViewCell.xib in Resources */ = {isa = PBXBuildFile; fileRef = 483A1C192967482900F150E8 /* HoroscopeTableViewCell.xib */; };
		48C83A1F29798DA600CC46B4 /* HoroscopeDetailVC.swift in Sources */ = {isa = PBXBuildFile; fileRef = 48C83A1E29798DA600CC46B4 /* HoroscopeDetailVC.swift */; };
		48F913E82965E3A200B2407D /* AppDelegate.swift in Sources */ = {isa = PBXBuildFile; fileRef = 48F913E72965E3A200B2407D /* AppDelegate.swift */; };
		48F913EA2965E3A200B2407D /* SceneDelegate.swift in Sources */ = {isa = PBXBuildFile; fileRef = 48F913E92965E3A200B2407D /* SceneDelegate.swift */; };
		48F913EC2965E3A200B2407D /* ViewController.swift in Sources */ = {isa = PBXBuildFile; fileRef = 48F913EB2965E3A200B2407D /* ViewController.swift */; };
		48F913EF2965E3A200B2407D /* Main.storyboard in Resources */ = {isa = PBXBuildFile; fileRef = 48F913ED2965E3A200B2407D /* Main.storyboard */; };
		48F913F12965E3A300B2407D /* Assets.xcassets in Resources */ = {isa = PBXBuildFile; fileRef = 48F913F02965E3A300B2407D /* Assets.xcassets */; };
		48F913F42965E3A300B2407D /* LaunchScreen.storyboard in Resources */ = {isa = PBXBuildFile; fileRef = 48F913F22965E3A300B2407D /* LaunchScreen.storyboard */; };
		5AAD69443917D595E8648B5F /* Pods_Burclar.framework in Frameworks */ = {isa = PBXBuildFile; fileRef = 5CE51C9EE61F884CD782713B /* Pods_Burclar.framework */; };
/* End PBXBuildFile section */

/* Begin PBXFileReference section */
		483A1C162967433400F150E8 /* HoroscopeListVC.swift */ = {isa = PBXFileReference; lastKnownFileType = sourcecode.swift; path = HoroscopeListVC.swift; sourceTree = "<group>"; };
		483A1C182967482900F150E8 /* HoroscopeTableViewCell.swift */ = {isa = PBXFileReference; lastKnownFileType = sourcecode.swift; path = HoroscopeTableViewCell.swift; sourceTree = "<group>"; };
		483A1C192967482900F150E8 /* HoroscopeTableViewCell.xib */ = {isa = PBXFileReference; lastKnownFileType = file.xib; path = HoroscopeTableViewCell.xib; sourceTree = "<group>"; };
		48C83A1E29798DA600CC46B4 /* HoroscopeDetailVC.swift */ = {isa = PBXFileReference; lastKnownFileType = sourcecode.swift; path = HoroscopeDetailVC.swift; sourceTree = "<group>"; };
		48F913E42965E3A200B2407D /* Burclar.app */ = {isa = PBXFileReference; explicitFileType = wrapper.application; includeInIndex = 0; path = Burclar.app; sourceTree = BUILT_PRODUCTS_DIR; };
		48F913E72965E3A200B2407D /* AppDelegate.swift */ = {isa = PBXFileReference; lastKnownFileType = sourcecode.swift; path = AppDelegate.swift; sourceTree = "<group>"; };
		48F913E92965E3A200B2407D /* SceneDelegate.swift */ = {isa = PBXFileReference; lastKnownFileType = sourcecode.swift; path = SceneDelegate.swift; sourceTree = "<group>"; };
		48F913EB2965E3A200B2407D /* ViewController.swift */ = {isa = PBXFileReference; lastKnownFileType = sourcecode.swift; path = ViewController.swift; sourceTree = "<group>"; };
		48F913EE2965E3A200B2407D /* Base */ = {isa = PBXFileReference; lastKnownFileType = file.storyboard; name = Base; path = Base.lproj/Main.storyboard; sourceTree = "<group>"; };
		48F913F02965E3A300B2407D /* Assets.xcassets */ = {isa = PBXFileReference; lastKnownFileType = folder.assetcatalog; path = Assets.xcassets; sourceTree = "<group>"; };
		48F913F32965E3A300B2407D /* Base */ = {isa = PBXFileReference; lastKnownFileType = file.storyboard; name = Base; path = Base.lproj/LaunchScreen.storyboard; sourceTree = "<group>"; };
		48F913F52965E3A300B2407D /* Info.plist */ = {isa = PBXFileReference; lastKnownFileType = text.plist.xml; path = Info.plist; sourceTree = "<group>"; };
		5CE51C9EE61F884CD782713B /* Pods_Burclar.framework */ = {isa = PBXFileReference; explicitFileType = wrapper.framework; includeInIndex = 0; path = Pods_Burclar.framework; sourceTree = BUILT_PRODUCTS_DIR; };
		D3B5511B1DF862D21C4A4074 /* Pods-Burclar.debug.xcconfig */ = {isa = PBXFileReference; includeInIndex = 1; lastKnownFileType = text.xcconfig; name = "Pods-Burclar.debug.xcconfig"; path = "Target Support Files/Pods-Burclar/Pods-Burclar.debug.xcconfig"; sourceTree = "<group>"; };
		DB418989CA829E0DAEEA2BD5 /* Pods-Burclar.release.xcconfig */ = {isa = PBXFileReference; includeInIndex = 1; lastKnownFileType = text.xcconfig; name = "Pods-Burclar.release.xcconfig"; path = "Target Support Files/Pods-Burclar/Pods-Burclar.release.xcconfig"; sourceTree = "<group>"; };
/* End PBXFileReference section */

/* Begin PBXFrameworksBuildPhase section */
		48F913E12965E3A200B2407D /* Frameworks */ = {
			isa = PBXFrameworksBuildPhase;
			buildActionMask = 2147483647;
			files = (
				5AAD69443917D595E8648B5F /* Pods_Burclar.framework in Frameworks */,
			);
			runOnlyForDeploymentPostprocessing = 0;
		};
/* End PBXFrameworksBuildPhase section */

/* Begin PBXGroup section */
		48F913DB2965E3A200B2407D = {
			isa = PBXGroup;
			children = (
				48F913E62965E3A200B2407D /* Burclar */,
				48F913E52965E3A200B2407D /* Products */,
				8F62DFE1FDEA11A3A8FE5B69 /* Pods */,
				926581D42C1183AE4FFA60A9 /* Frameworks */,
			);
			sourceTree = "<group>";
		};
		48F913E52965E3A200B2407D /* Products */ = {
			isa = PBXGroup;
			children = (
				48F913E42965E3A200B2407D /* Burclar.app */,
			);
			name = Products;
			sourceTree = "<group>";
		};
		48F913E62965E3A200B2407D /* Burclar */ = {
			isa = PBXGroup;
			children = (
				48F913E72965E3A200B2407D /* AppDelegate.swift */,
				48F913E92965E3A200B2407D /* SceneDelegate.swift */,
				48F913EB2965E3A200B2407D /* ViewController.swift */,
				48F913ED2965E3A200B2407D /* Main.storyboard */,
				48F913F02965E3A300B2407D /* Assets.xcassets */,
				48F913F22965E3A300B2407D /* LaunchScreen.storyboard */,
				48F913F52965E3A300B2407D /* Info.plist */,
				483A1C162967433400F150E8 /* HoroscopeListVC.swift */,
				483A1C182967482900F150E8 /* HoroscopeTableViewCell.swift */,
				483A1C192967482900F150E8 /* HoroscopeTableViewCell.xib */,
				48C83A1E29798DA600CC46B4 /* HoroscopeDetailVC.swift */,
			);
			path = Burclar;
			sourceTree = "<group>";
		};
		8F62DFE1FDEA11A3A8FE5B69 /* Pods */ = {
			isa = PBXGroup;
			children = (
				D3B5511B1DF862D21C4A4074 /* Pods-Burclar.debug.xcconfig */,
				DB418989CA829E0DAEEA2BD5 /* Pods-Burclar.release.xcconfig */,
			);
			name = Pods;
			path = Pods;
			sourceTree = "<group>";
		};
		926581D42C1183AE4FFA60A9 /* Frameworks */ = {
			isa = PBXGroup;
			children = (
				5CE51C9EE61F884CD782713B /* Pods_Burclar.framework */,
			);
			name = Frameworks;
			sourceTree = "<group>";
		};
/* End PBXGroup section */

/* Begin PBXNativeTarget section */
		48F913E32965E3A200B2407D /* Burclar */ = {
			isa = PBXNativeTarget;
			buildConfigurationList = 48F913F82965E3A300B2407D /* Build configuration list for PBXNativeTarget "Burclar" */;
			buildPhases = (
				2ADD00928F85E1241AB1E24F /* [CP] Check Pods Manifest.lock */,
				48F913E02965E3A200B2407D /* Sources */,
				48F913E12965E3A200B2407D /* Frameworks */,
				48F913E22965E3A200B2407D /* Resources */,
				99A28F03B6A7311061EA1D06 /* [CP] Embed Pods Frameworks */,
			);
			buildRules = (
			);
			dependencies = (
			);
			name = Burclar;
			productName = Burclar;
			productReference = 48F913E42965E3A200B2407D /* Burclar.app */;
			productType = "com.apple.product-type.application";
		};
/* End PBXNativeTarget section */

/* Begin PBXProject section */
		48F913DC2965E3A200B2407D /* Project object */ = {
			isa = PBXProject;
			attributes = {
				BuildIndependentTargetsInParallel = 1;
				LastSwiftUpdateCheck = 1410;
				LastUpgradeCheck = 1410;
				TargetAttributes = {
					48F913E32965E3A200B2407D = {
						CreatedOnToolsVersion = 14.1;
					};
				};
			};
			buildConfigurationList = 48F913DF2965E3A200B2407D /* Build configuration list for PBXProject "Burclar" */;
			compatibilityVersion = "Xcode 14.0";
			developmentRegion = en;
			hasScannedForEncodings = 0;
			knownRegions = (
				en,
				Base,
			);
			mainGroup = 48F913DB2965E3A200B2407D;
			productRefGroup = 48F913E52965E3A200B2407D /* Products */;
			projectDirPath = "";
			projectRoot = "";
			targets = (
				48F913E32965E3A200B2407D /* Burclar */,
			);
		};
/* End PBXProject section */

/* Begin PBXResourcesBuildPhase section */
		48F913E22965E3A200B2407D /* Resources */ = {
			isa = PBXResourcesBuildPhase;
			buildActionMask = 2147483647;
			files = (
				483A1C1B2967482900F150E8 /* HoroscopeTableViewCell.xib in Resources */,
				48F913F42965E3A300B2407D /* LaunchScreen.storyboard in Resources */,
				48F913F12965E3A300B2407D /* Assets.xcassets in Resources */,
				48F913EF2965E3A200B2407D /* Main.storyboard in Resources */,
			);
			runOnlyForDeploymentPostprocessing = 0;
		};
/* End PBXResourcesBuildPhase section */

/* Begin PBXShellScriptBuildPhase section */
		2ADD00928F85E1241AB1E24F /* [CP] Check Pods Manifest.lock */ = {
			isa = PBXShellScriptBuildPhase;
			buildActionMask = 2147483647;
			files = (
			);
			inputFileListPaths = (
			);
			inputPaths = (
				"${PODS_PODFILE_DIR_PATH}/Podfile.lock",
				"${PODS_ROOT}/Manifest.lock",
			);
			name = "[CP] Check Pods Manifest.lock";
			outputFileListPaths = (
			);
			outputPaths = (
				"$(DERIVED_FILE_DIR)/Pods-Burclar-checkManifestLockResult.txt",
			);
			runOnlyForDeploymentPostprocessing = 0;
			shellPath = /bin/sh;
			shellScript = "diff \"${PODS_PODFILE_DIR_PATH}/Podfile.lock\" \"${PODS_ROOT}/Manifest.lock\" > /dev/null\nif [ $? != 0 ] ; then\n    # print error to STDERR\n    echo \"error: The sandbox is not in sync with the Podfile.lock. Run 'pod install' or update your CocoaPods installation.\" >&2\n    exit 1\nfi\n# This output is used by Xcode 'outputs' to avoid re-running this script phase.\necho \"SUCCESS\" > \"${SCRIPT_OUTPUT_FILE_0}\"\n";
			showEnvVarsInLog = 0;
		};
		99A28F03B6A7311061EA1D06 /* [CP] Embed Pods Frameworks */ = {
			isa = PBXShellScriptBuildPhase;
			buildActionMask = 2147483647;
			files = (
			);
			inputFileListPaths = (
				"${PODS_ROOT}/Target Support Files/Pods-Burclar/Pods-Burclar-frameworks-${CONFIGURATION}-input-files.xcfilelist",
			);
			name = "[CP] Embed Pods Frameworks";
			outputFileListPaths = (
				"${PODS_ROOT}/Target Support Files/Pods-Burclar/Pods-Burclar-frameworks-${CONFIGURATION}-output-files.xcfilelist",
			);
			runOnlyForDeploymentPostprocessing = 0;
			shellPath = /bin/sh;
			shellScript = "\"${PODS_ROOT}/Target Support Files/Pods-Burclar/Pods-Burclar-frameworks.sh\"\n";
			showEnvVarsInLog = 0;
		};
/* End PBXShellScriptBuildPhase section */

/* Begin PBXSourcesBuildPhase section */
		48F913E02965E3A200B2407D /* Sources */ = {
			isa = PBXSourcesBuildPhase;
			buildActionMask = 2147483647;
			files = (
				48F913EC2965E3A200B2407D /* ViewController.swift in Sources */,
				48F913E82965E3A200B2407D /* AppDelegate.swift in Sources */,
				48C83A1F29798DA600CC46B4 /* HoroscopeDetailVC.swift in Sources */,
				48F913EA2965E3A200B2407D /* SceneDelegate.swift in Sources */,
				483A1C172967433400F150E8 /* HoroscopeListVC.swift in Sources */,
				483A1C1A2967482900F150E8 /* HoroscopeTableViewCell.swift in Sources */,
			);
			runOnlyForDeploymentPostprocessing = 0;
		};
/* End PBXSourcesBuildPhase section */

/* Begin PBXVariantGroup section */
		48F913ED2965E3A200B2407D /* Main.storyboard */ = {
			isa = PBXVariantGroup;
			children = (
				48F913EE2965E3A200B2407D /* Base */,
			);
			name = Main.storyboard;
			sourceTree = "<group>";
		};
		48F913F22965E3A300B2407D /* LaunchScreen.storyboard */ = {
			isa = PBXVariantGroup;
			children = (
				48F913F32965E3A300B2407D /* Base */,
			);
			name = LaunchScreen.storyboard;
			sourceTree = "<group>";
		};
/* End PBXVariantGroup section */

/* Begin XCBuildConfiguration section */
		48F913F62965E3A300B2407D /* Debug */ = {
			isa = XCBuildConfiguration;
			buildSettings = {
				ALWAYS_SEARCH_USER_PATHS = NO;
				CLANG_ANALYZER_NONNULL = YES;
				CLANG_ANALYZER_NUMBER_OBJECT_CONVERSION = YES_AGGRESSIVE;
				CLANG_CXX_LANGUAGE_STANDARD = "gnu++20";
				CLANG_ENABLE_MODULES = YES;
				CLANG_ENABLE_OBJC_ARC = YES;
				CLANG_ENABLE_OBJC_WEAK = YES;
				CLANG_WARN_BLOCK_CAPTURE_AUTORELEASING = YES;
				CLANG_WARN_BOOL_CONVERSION = YES;
				CLANG_WARN_COMMA = YES;
				CLANG_WARN_CONSTANT_CONVERSION = YES;
				CLANG_WARN_DEPRECATED_OBJC_IMPLEMENTATIONS = YES;
				CLANG_WARN_DIRECT_OBJC_ISA_USAGE = YES_ERROR;
				CLANG_WARN_DOCUMENTATION_COMMENTS = YES;
				CLANG_WARN_EMPTY_BODY = YES;
				CLANG_WARN_ENUM_CONVERSION = YES;
				CLANG_WARN_INFINITE_RECURSION = YES;
				CLANG_WARN_INT_CONVERSION = YES;
				CLANG_WARN_NON_LITERAL_NULL_CONVERSION = YES;
				CLANG_WARN_OBJC_IMPLICIT_RETAIN_SELF = YES;
				CLANG_WARN_OBJC_LITERAL_CONVERSION = YES;
				CLANG_WARN_OBJC_ROOT_CLASS = YES_ERROR;
				CLANG_WARN_QUOTED_INCLUDE_IN_FRAMEWORK_HEADER = YES;
				CLANG_WARN_RANGE_LOOP_ANALYSIS = YES;
				CLANG_WARN_STRICT_PROTOTYPES = YES;
				CLANG_WARN_SUSPICIOUS_MOVE = YES;
				CLANG_WARN_UNGUARDED_AVAILABILITY = YES_AGGRESSIVE;
				CLANG_WARN_UNREACHABLE_CODE = YES;
				CLANG_WARN__DUPLICATE_METHOD_MATCH = YES;
				COPY_PHASE_STRIP = NO;
				DEBUG_INFORMATION_FORMAT = dwarf;
				ENABLE_STRICT_OBJC_MSGSEND = YES;
				ENABLE_TESTABILITY = YES;
				GCC_C_LANGUAGE_STANDARD = gnu11;
				GCC_DYNAMIC_NO_PIC = NO;
				GCC_NO_COMMON_BLOCKS = YES;
				GCC_OPTIMIZATION_LEVEL = 0;
				GCC_PREPROCESSOR_DEFINITIONS = (
					"DEBUG=1",
					"$(inherited)",
				);
				GCC_WARN_64_TO_32_BIT_CONVERSION = YES;
				GCC_WARN_ABOUT_RETURN_TYPE = YES_ERROR;
				GCC_WARN_UNDECLARED_SELECTOR = YES;
				GCC_WARN_UNINITIALIZED_AUTOS = YES_AGGRESSIVE;
				GCC_WARN_UNUSED_FUNCTION = YES;
				GCC_WARN_UNUSED_VARIABLE = YES;
				IPHONEOS_DEPLOYMENT_TARGET = 16.1;
				MTL_ENABLE_DEBUG_INFO = INCLUDE_SOURCE;
				MTL_FAST_MATH = YES;
				ONLY_ACTIVE_ARCH = YES;
				SDKROOT = iphoneos;
				SWIFT_ACTIVE_COMPILATION_CONDITIONS = DEBUG;
				SWIFT_OPTIMIZATION_LEVEL = "-Onone";
			};
			name = Debug;
		};
		48F913F72965E3A300B2407D /* Release */ = {
			isa = XCBuildConfiguration;
			buildSettings = {
				ALWAYS_SEARCH_USER_PATHS = NO;
				CLANG_ANALYZER_NONNULL = YES;
				CLANG_ANALYZER_NUMBER_OBJECT_CONVERSION = YES_AGGRESSIVE;
				CLANG_CXX_LANGUAGE_STANDARD = "gnu++20";
				CLANG_ENABLE_MODULES = YES;
				CLANG_ENABLE_OBJC_ARC = YES;
				CLANG_ENABLE_OBJC_WEAK = YES;
				CLANG_WARN_BLOCK_CAPTURE_AUTORELEASING = YES;
				CLANG_WARN_BOOL_CONVERSION = YES;
				CLANG_WARN_COMMA = YES;
				CLANG_WARN_CONSTANT_CONVERSION = YES;
				CLANG_WARN_DEPRECATED_OBJC_IMPLEMENTATIONS = YES;
				CLANG_WARN_DIRECT_OBJC_ISA_USAGE = YES_ERROR;
				CLANG_WARN_DOCUMENTATION_COMMENTS = YES;
				CLANG_WARN_EMPTY_BODY = YES;
				CLANG_WARN_ENUM_CONVERSION = YES;
				CLANG_WARN_INFINITE_RECURSION = YES;
				CLANG_WARN_INT_CONVERSION = YES;
				CLANG_WARN_NON_LITERAL_NULL_CONVERSION = YES;
				CLANG_WARN_OBJC_IMPLICIT_RETAIN_SELF = YES;
				CLANG_WARN_OBJC_LITERAL_CONVERSION = YES;
				CLANG_WARN_OBJC_ROOT_CLASS = YES_ERROR;
				CLANG_WARN_QUOTED_INCLUDE_IN_FRAMEWORK_HEADER = YES;
				CLANG_WARN_RANGE_LOOP_ANALYSIS = YES;
				CLANG_WARN_STRICT_PROTOTYPES = YES;
				CLANG_WARN_SUSPICIOUS_MOVE = YES;
				CLANG_WARN_UNGUARDED_AVAILABILITY = YES_AGGRESSIVE;
				CLANG_WARN_UNREACHABLE_CODE = YES;
				CLANG_WARN__DUPLICATE_METHOD_MATCH = YES;
				COPY_PHASE_STRIP = NO;
				DEBUG_INFORMATION_FORMAT = "dwarf-with-dsym";
				ENABLE_NS_ASSERTIONS = NO;
				ENABLE_STRICT_OBJC_MSGSEND = YES;
				GCC_C_LANGUAGE_STANDARD = gnu11;
				GCC_NO_COMMON_BLOCKS = YES;
				GCC_WARN_64_TO_32_BIT_CONVERSION = YES;
				GCC_WARN_ABOUT_RETURN_TYPE = YES_ERROR;
				GCC_WARN_UNDECLARED_SELECTOR = YES;
				GCC_WARN_UNINITIALIZED_AUTOS = YES_AGGRESSIVE;
				GCC_WARN_UNUSED_FUNCTION = YES;
				GCC_WARN_UNUSED_VARIABLE = YES;
				IPHONEOS_DEPLOYMENT_TARGET = 16.1;
				MTL_ENABLE_DEBUG_INFO = NO;
				MTL_FAST_MATH = YES;
				SDKROOT = iphoneos;
				SWIFT_COMPILATION_MODE = wholemodule;
				SWIFT_OPTIMIZATION_LEVEL = "-O";
				VALIDATE_PRODUCT = YES;
			};
			name = Release;
		};
		48F913F92965E3A300B2407D /* Debug */ = {
			isa = XCBuildConfiguration;
			baseConfigurationReference = D3B5511B1DF862D21C4A4074 /* Pods-Burclar.debug.xcconfig */;
			buildSettings = {
				ASSETCATALOG_COMPILER_APPICON_NAME = AppIcon;
				ASSETCATALOG_COMPILER_GLOBAL_ACCENT_COLOR_NAME = AccentColor;
				CODE_SIGN_STYLE = Automatic;
				CURRENT_PROJECT_VERSION = 1;
				DEVELOPMENT_TEAM = 5TH8C5XY6D;
				GENERATE_INFOPLIST_FILE = YES;
				INFOPLIST_FILE = Burclar/Info.plist;
				INFOPLIST_KEY_UIApplicationSupportsIndirectInputEvents = YES;
				INFOPLIST_KEY_UILaunchStoryboardName = LaunchScreen;
				INFOPLIST_KEY_UIMainStoryboardFile = Main;
				INFOPLIST_KEY_UISupportedInterfaceOrientations_iPad = "UIInterfaceOrientationPortrait UIInterfaceOrientationPortraitUpsideDown UIInterfaceOrientationLandscapeLeft UIInterfaceOrientationLandscapeRight";
				INFOPLIST_KEY_UISupportedInterfaceOrientations_iPhone = "UIInterfaceOrientationPortrait UIInterfaceOrientationLandscapeLeft UIInterfaceOrientationLandscapeRight";
				LD_RUNPATH_SEARCH_PATHS = (
					"$(inherited)",
					"@executable_path/Frameworks",
				);
				MARKETING_VERSION = 1.0;
				PRODUCT_BUNDLE_IDENTIFIER = com.recep.xoproject.Burclar;
				PRODUCT_NAME = "$(TARGET_NAME)";
				SWIFT_EMIT_LOC_STRINGS = YES;
				SWIFT_VERSION = 5.0;
				TARGETED_DEVICE_FAMILY = "1,2";
			};
			name = Debug;
		};
		48F913FA2965E3A300B2407D /* Release */ = {
			isa = XCBuildConfiguration;
			baseConfigurationReference = DB418989CA829E0DAEEA2BD5 /* Pods-Burclar.release.xcconfig */;
			buildSettings = {
				ASSETCATALOG_COMPILER_APPICON_NAME = AppIcon;
				ASSETCATALOG_COMPILER_GLOBAL_ACCENT_COLOR_NAME = AccentColor;
				CODE_SIGN_STYLE = Automatic;
				CURRENT_PROJECT_VERSION = 1;
				DEVELOPMENT_TEAM = 5TH8C5XY6D;
				GENERATE_INFOPLIST_FILE = YES;
				INFOPLIST_FILE = Burclar/Info.plist;
				INFOPLIST_KEY_UIApplicationSupportsIndirectInputEvents = YES;
				INFOPLIST_KEY_UILaunchStoryboardName = LaunchScreen;
				INFOPLIST_KEY_UIMainStoryboardFile = Main;
				INFOPLIST_KEY_UISupportedInterfaceOrientations_iPad = "UIInterfaceOrientationPortrait UIInterfaceOrientationPortraitUpsideDown UIInterfaceOrientationLandscapeLeft UIInterfaceOrientationLandscapeRight";
				INFOPLIST_KEY_UISupportedInterfaceOrientations_iPhone = "UIInterfaceOrientationPortrait UIInterfaceOrientationLandscapeLeft UIInterfaceOrientationLandscapeRight";
				LD_RUNPATH_SEARCH_PATHS = (
					"$(inherited)",
					"@executable_path/Frameworks",
				);
				MARKETING_VERSION = 1.0;
				PRODUCT_BUNDLE_IDENTIFIER = com.recep.xoproject.Burclar;
				PRODUCT_NAME = "$(TARGET_NAME)";
				SWIFT_EMIT_LOC_STRINGS = YES;
				SWIFT_VERSION = 5.0;
				TARGETED_DEVICE_FAMILY = "1,2";
			};
			name = Release;
		};
/* End XCBuildConfiguration section */

/* Begin XCConfigurationList section */
		48F913DF2965E3A200B2407D /* Build configuration list for PBXProject "Burclar" */ = {
			isa = XCConfigurationList;
			buildConfigurations = (
				48F913F62965E3A300B2407D /* Debug */,
				48F913F72965E3A300B2407D /* Release */,
			);
			defaultConfigurationIsVisible = 0;
			defaultConfigurationName = Release;
		};
		48F913F82965E3A300B2407D /* Build configuration list for PBXNativeTarget "Burclar" */ = {
			isa = XCConfigurationList;
			buildConfigurations = (
				48F913F92965E3A300B2407D /* Debug */,
				48F913FA2965E3A300B2407D /* Release */,
			);
			defaultConfigurationIsVisible = 0;
			defaultConfigurationName = Release;
		};
/* End XCConfigurationList section */
	};
	rootObject = 48F913DC2965E3A200B2407D /* Project object */;
}
